
Microsoft Visual Studio Solution File, Format Version 12.00
# Visual Studio Version 16
VisualStudioVersion = 16.0.29806.167
MinimumVisualStudioVersion = 10.0.40219.1
Project("{FAE04EC0-301F-11D3-BF4B-00C04F79EFBC}") = "libWordVecSample", "libWordVecSample\libWordVecSample.csproj", "{49D751BE-798C-4466-96FB-F60527DA84F2}"
EndProject
Project("{FAE04EC0-301F-11D3-BF4B-00C04F79EFBC}") = "libWordVec", "libWordVec\libWordVec.csproj", "{A7CD4944-241F-4260-85BF-AF548D95EB4A}"
EndProject
Project("{FAE04EC0-301F-11D3-BF4B-00C04F79EFBC}") = "WpfApp1", "WpfApp1\WpfApp1.csproj", "{E6F275DD-3708-4B0D-B695-4BAB7146CCC8}"
EndProject
Project("{FAE04EC0-301F-11D3-BF4B-00C04F79EFBC}") = "sandbox", "sandbox\sandbox.csproj", "{D58C6249-233E-4082-BC17-9F67A759B20D}"
EndProject
Global
	GlobalSection(SolutionConfigurationPlatforms) = preSolution
		Debug|Any CPU = Debug|Any CPU
		Release|Any CPU = Release|Any CPU
	EndGlobalSection
	GlobalSection(ProjectConfigurationPlatforms) = postSolution
		{49D751BE-798C-4466-96FB-F60527DA84F2}.Debug|Any CPU.ActiveCfg = Debug|Any CPU
		{49D751BE-798C-4466-96FB-F60527DA84F2}.Debug|Any CPU.Build.0 = Debug|Any CPU
		{49D751BE-798C-4466-96FB-F60527DA84F2}.Release|Any CPU.ActiveCfg = Debug|Any CPU
		{49D751BE-798C-4466-96FB-F60527DA84F2}.Release|Any CPU.Build.0 = Debug|Any CPU
		{A7CD4944-241F-4260-85BF-AF548D95EB4A}.Debug|Any CPU.ActiveCfg = Debug|Any CPU
		{A7CD4944-241F-4260-85BF-AF548D95EB4A}.Debug|Any CPU.Build.0 = Debug|Any CPU
		{A7CD4944-241F-4260-85BF-AF548D95EB4A}.Release|Any CPU.ActiveCfg = Debug|Any CPU
		{A7CD4944-241F-4260-85BF-AF548D95EB4A}.Release|Any CPU.Build.0 = Debug|Any CPU
		{E6F275DD-3708-4B0D-B695-4BAB7146CCC8}.Debug|Any CPU.ActiveCfg = Debug|Any CPU
		{E6F275DD-3708-4B0D-B695-4BAB7146CCC8}.Debug|Any CPU.Build.0 = Debug|Any CPU
		{E6F275DD-3708-4B0D-B695-4BAB7146CCC8}.Release|Any CPU.ActiveCfg = Debug|Any CPU
		{E6F275DD-3708-4B0D-B695-4BAB7146CCC8}.Release|Any CPU.Build.0 = Debug|Any CPU
		{D58C6249-233E-4082-BC17-9F67A759B20D}.Debug|Any CPU.ActiveCfg = Debug|Any CPU
		{D58C6249-233E-4082-BC17-9F67A759B20D}.Debug|Any CPU.Build.0 = Debug|Any CPU
		{D58C6249-233E-4082-BC17-9F67A759B20D}.Release|Any CPU.ActiveCfg = Release|Any CPU
		{D58C6249-233E-4082-BC17-9F67A759B20D}.Release|Any CPU.Build.0 = Release|Any CPU
	EndGlobalSection
	GlobalSection(SolutionProperties) = preSolution
		HideSolutionNode = FALSE
	EndGlobalSection
	GlobalSection(ExtensibilityGlobals) = postSolution
		SolutionGuid = {AC5937E6-3DE4-4326-960A-15015C50652E}
	EndGlobalSection
EndGlobal
